
Microsoft Visual Studio Solution File, Format Version 12.00
# Visual Studio Version 16
VisualStudioVersion = 16.0.28315.86
MinimumVisualStudioVersion = 10.0.40219.1
Project("{2150E333-8FDC-42A3-9474-1A3956D46DE8}") = "Engine", "Engine", "{4221FB45-6E8A-4954-BF76-CFE02AC03E4B}"
EndProject
Project("{2150E333-8FDC-42A3-9474-1A3956D46DE8}") = "Games", "Games", "{DEF1EAC8-6BA4-4D7E-BD3D-0D458C5E2670}"
EndProject
Project("{8BC9CEB8-8B4A-11D0-8D11-00A0C91BC942}") = "UE4", "Intermediate\ProjectFiles\UE4.vcxproj", "{F498AA57-DFB3-4A84-86D3-E60D6C151516}"
EndProject
Project("{8BC9CEB8-8B4A-11D0-8D11-00A0C91BC942}") = "DescendIntoDarkness", "Intermediate\ProjectFiles\DescendIntoDarkness.vcxproj", "{6A1291ED-9158-4E25-95E2-FD5B6EC6EA72}"
EndProject
Project("{2150E333-8FDC-42A3-9474-1A3956D46DE8}") = "Visualizers", "Visualizers", "{66343FAC-5CB0-44BD-9EE0-D3DD6F9EBF89}"
	ProjectSection(SolutionItems) = preProject
		..\..\..\..\..\..\Program Files\Epic Games\UE_4.22\Engine\Extras\VisualStudioDebugging\UE4.natvis = ..\..\..\..\..\..\Program Files\Epic Games\UE_4.22\Engine\Extras\VisualStudioDebugging\UE4.natvis
	EndProjectSection
EndProject
Global
	GlobalSection(SolutionConfigurationPlatforms) = preSolution
		DebugGame Editor|HTML5 = DebugGame Editor|HTML5
		DebugGame Editor|IOS = DebugGame Editor|IOS
		DebugGame Editor|Win32 = DebugGame Editor|Win32
		DebugGame Editor|Win64 = DebugGame Editor|Win64
		DebugGame|HTML5 = DebugGame|HTML5
		DebugGame|IOS = DebugGame|IOS
		DebugGame|Win32 = DebugGame|Win32
		DebugGame|Win64 = DebugGame|Win64
		Development Editor|HTML5 = Development Editor|HTML5
		Development Editor|IOS = Development Editor|IOS
		Development Editor|Win32 = Development Editor|Win32
		Development Editor|Win64 = Development Editor|Win64
		Development|HTML5 = Development|HTML5
		Development|IOS = Development|IOS
		Development|Win32 = Development|Win32
		Development|Win64 = Development|Win64
		Shipping|HTML5 = Shipping|HTML5
		Shipping|IOS = Shipping|IOS
		Shipping|Win32 = Shipping|Win32
		Shipping|Win64 = Shipping|Win64
	EndGlobalSection
	GlobalSection(ProjectConfigurationPlatforms) = postSolution
		{F498AA57-DFB3-4A84-86D3-E60D6C151516}.DebugGame Editor|HTML5.ActiveCfg = BuiltWithUnrealBuildTool|Win32
		{F498AA57-DFB3-4A84-86D3-E60D6C151516}.DebugGame Editor|IOS.ActiveCfg = BuiltWithUnrealBuildTool|Win32
		{F498AA57-DFB3-4A84-86D3-E60D6C151516}.DebugGame Editor|Win32.ActiveCfg = BuiltWithUnrealBuildTool|Win32
		{F498AA57-DFB3-4A84-86D3-E60D6C151516}.DebugGame Editor|Win64.ActiveCfg = BuiltWithUnrealBuildTool|Win32
		{F498AA57-DFB3-4A84-86D3-E60D6C151516}.DebugGame|HTML5.ActiveCfg = BuiltWithUnrealBuildTool|Win32
		{F498AA57-DFB3-4A84-86D3-E60D6C151516}.DebugGame|IOS.ActiveCfg = BuiltWithUnrealBuildTool|Win32
		{F498AA57-DFB3-4A84-86D3-E60D6C151516}.DebugGame|Win32.ActiveCfg = BuiltWithUnrealBuildTool|Win32
		{F498AA57-DFB3-4A84-86D3-E60D6C151516}.DebugGame|Win64.ActiveCfg = BuiltWithUnrealBuildTool|Win32
		{F498AA57-DFB3-4A84-86D3-E60D6C151516}.Development Editor|HTML5.ActiveCfg = BuiltWithUnrealBuildTool|Win32
		{F498AA57-DFB3-4A84-86D3-E60D6C151516}.Development Editor|IOS.ActiveCfg = BuiltWithUnrealBuildTool|Win32
		{F498AA57-DFB3-4A84-86D3-E60D6C151516}.Development Editor|Win32.ActiveCfg = BuiltWithUnrealBuildTool|Win32
		{F498AA57-DFB3-4A84-86D3-E60D6C151516}.Development Editor|Win64.ActiveCfg = BuiltWithUnrealBuildTool|Win32
		{F498AA57-DFB3-4A84-86D3-E60D6C151516}.Development|HTML5.ActiveCfg = BuiltWithUnrealBuildTool|Win32
		{F498AA57-DFB3-4A84-86D3-E60D6C151516}.Development|IOS.ActiveCfg = BuiltWithUnrealBuildTool|Win32
		{F498AA57-DFB3-4A84-86D3-E60D6C151516}.Development|Win32.ActiveCfg = BuiltWithUnrealBuildTool|Win32
		{F498AA57-DFB3-4A84-86D3-E60D6C151516}.Development|Win64.ActiveCfg = BuiltWithUnrealBuildTool|Win32
		{F498AA57-DFB3-4A84-86D3-E60D6C151516}.Shipping|HTML5.ActiveCfg = BuiltWithUnrealBuildTool|Win32
		{F498AA57-DFB3-4A84-86D3-E60D6C151516}.Shipping|IOS.ActiveCfg = BuiltWithUnrealBuildTool|Win32
		{F498AA57-DFB3-4A84-86D3-E60D6C151516}.Shipping|Win32.ActiveCfg = BuiltWithUnrealBuildTool|Win32
		{F498AA57-DFB3-4A84-86D3-E60D6C151516}.Shipping|Win64.ActiveCfg = BuiltWithUnrealBuildTool|Win32
		{6A1291ED-9158-4E25-95E2-FD5B6EC6EA72}.DebugGame Editor|HTML5.ActiveCfg = Invalid|Win32
		{6A1291ED-9158-4E25-95E2-FD5B6EC6EA72}.DebugGame Editor|IOS.ActiveCfg = Invalid|Win32
		{6A1291ED-9158-4E25-95E2-FD5B6EC6EA72}.DebugGame Editor|Win32.ActiveCfg = Invalid|Win32
		{6A1291ED-9158-4E25-95E2-FD5B6EC6EA72}.DebugGame Editor|Win64.ActiveCfg = DebugGame_Editor|x64
		{6A1291ED-9158-4E25-95E2-FD5B6EC6EA72}.DebugGame Editor|Win64.Build.0 = DebugGame_Editor|x64
		{6A1291ED-9158-4E25-95E2-FD5B6EC6EA72}.DebugGame|HTML5.ActiveCfg = HTML5_DebugGame|Win32
		{6A1291ED-9158-4E25-95E2-FD5B6EC6EA72}.DebugGame|HTML5.Build.0 = HTML5_DebugGame|Win32
		{6A1291ED-9158-4E25-95E2-FD5B6EC6EA72}.DebugGame|IOS.ActiveCfg = IOS_DebugGame|Win32
		{6A1291ED-9158-4E25-95E2-FD5B6EC6EA72}.DebugGame|IOS.Build.0 = IOS_DebugGame|Win32
		{6A1291ED-9158-4E25-95E2-FD5B6EC6EA72}.DebugGame|Win32.ActiveCfg = DebugGame|Win32
		{6A1291ED-9158-4E25-95E2-FD5B6EC6EA72}.DebugGame|Win32.Build.0 = DebugGame|Win32
		{6A1291ED-9158-4E25-95E2-FD5B6EC6EA72}.DebugGame|Win64.ActiveCfg = DebugGame|x64
		{6A1291ED-9158-4E25-95E2-FD5B6EC6EA72}.DebugGame|Win64.Build.0 = DebugGame|x64
		{6A1291ED-9158-4E25-95E2-FD5B6EC6EA72}.Development Editor|HTML5.ActiveCfg = Invalid|Win32
		{6A1291ED-9158-4E25-95E2-FD5B6EC6EA72}.Development Editor|IOS.ActiveCfg = Invalid|Win32
		{6A1291ED-9158-4E25-95E2-FD5B6EC6EA72}.Development Editor|Win32.ActiveCfg = Invalid|Win32
		{6A1291ED-9158-4E25-95E2-FD5B6EC6EA72}.Development Editor|Win64.ActiveCfg = Development_Editor|x64
		{6A1291ED-9158-4E25-95E2-FD5B6EC6EA72}.Development Editor|Win64.Build.0 = Development_Editor|x64
		{6A1291ED-9158-4E25-95E2-FD5B6EC6EA72}.Development|HTML5.ActiveCfg = HTML5_Development|Win32
		{6A1291ED-9158-4E25-95E2-FD5B6EC6EA72}.Development|HTML5.Build.0 = HTML5_Development|Win32
		{6A1291ED-9158-4E25-95E2-FD5B6EC6EA72}.Development|IOS.ActiveCfg = IOS_Development|Win32
		{6A1291ED-9158-4E25-95E2-FD5B6EC6EA72}.Development|IOS.Build.0 = IOS_Development|Win32
		{6A1291ED-9158-4E25-95E2-FD5B6EC6EA72}.Development|Win32.ActiveCfg = Development|Win32
		{6A1291ED-9158-4E25-95E2-FD5B6EC6EA72}.Development|Win32.Build.0 = Development|Win32
		{6A1291ED-9158-4E25-95E2-FD5B6EC6EA72}.Development|Win64.ActiveCfg = Development|x64
		{6A1291ED-9158-4E25-95E2-FD5B6EC6EA72}.Development|Win64.Build.0 = Development|x64
		{6A1291ED-9158-4E25-95E2-FD5B6EC6EA72}.Shipping|HTML5.ActiveCfg = HTML5_Shipping|Win32
		{6A1291ED-9158-4E25-95E2-FD5B6EC6EA72}.Shipping|HTML5.Build.0 = HTML5_Shipping|Win32
		{6A1291ED-9158-4E25-95E2-FD5B6EC6EA72}.Shipping|IOS.ActiveCfg = IOS_Shipping|Win32
		{6A1291ED-9158-4E25-95E2-FD5B6EC6EA72}.Shipping|IOS.Build.0 = IOS_Shipping|Win32
		{6A1291ED-9158-4E25-95E2-FD5B6EC6EA72}.Shipping|Win32.ActiveCfg = Shipping|Win32
		{6A1291ED-9158-4E25-95E2-FD5B6EC6EA72}.Shipping|Win32.Build.0 = Shipping|Win32
		{6A1291ED-9158-4E25-95E2-FD5B6EC6EA72}.Shipping|Win64.ActiveCfg = Shipping|x64
		{6A1291ED-9158-4E25-95E2-FD5B6EC6EA72}.Shipping|Win64.Build.0 = Shipping|x64
	EndGlobalSection
	GlobalSection(SolutionProperties) = preSolution
		HideSolutionNode = FALSE
	EndGlobalSection
	GlobalSection(NestedProjects) = preSolution
		{F498AA57-DFB3-4A84-86D3-E60D6C151516} = {4221FB45-6E8A-4954-BF76-CFE02AC03E4B}
		{6A1291ED-9158-4E25-95E2-FD5B6EC6EA72} = {DEF1EAC8-6BA4-4D7E-BD3D-0D458C5E2670}
	EndGlobalSection
EndGlobal
