
Microsoft Visual Studio Solution File, Format Version 12.00
# Visual Studio Version 16
VisualStudioVersion = 16.0.28315.86
MinimumVisualStudioVersion = 10.0.40219.1
Project("{2150E333-8FDC-42A3-9474-1A3956D46DE8}") = "Engine", "Engine", "{878D76E1-6DC3-4573-AE7F-84457B42A7E5}"
EndProject
Project("{2150E333-8FDC-42A3-9474-1A3956D46DE8}") = "Games", "Games", "{7C3DA328-04C3-4EC4-B26B-76038E11EBED}"
EndProject
Project("{8BC9CEB8-8B4A-11D0-8D11-00A0C91BC942}") = "UE4", "Intermediate\ProjectFiles\UE4.vcxproj", "{D19561E5-9DB2-4DDC-819B-50C0AF4EBCFE}"
EndProject
Project("{8BC9CEB8-8B4A-11D0-8D11-00A0C91BC942}") = "DescendIntoDarkness", "Intermediate\ProjectFiles\DescendIntoDarkness.vcxproj", "{2DB03F94-3F73-45B2-B4D7-95EE66EED573}"
EndProject
Project("{2150E333-8FDC-42A3-9474-1A3956D46DE8}") = "Visualizers", "Visualizers", "{5DB3930F-EDF4-4A0C-995D-46EA2B2259AD}"
	ProjectSection(SolutionItems) = preProject
		..\..\..\..\..\..\Program Files\Epic Games\UE_4.22\Engine\Extras\VisualStudioDebugging\UE4.natvis = ..\..\..\..\..\..\Program Files\Epic Games\UE_4.22\Engine\Extras\VisualStudioDebugging\UE4.natvis
	EndProjectSection
EndProject
Global
	GlobalSection(SolutionConfigurationPlatforms) = preSolution
		DebugGame Editor|HTML5 = DebugGame Editor|HTML5
		DebugGame Editor|Win32 = DebugGame Editor|Win32
		DebugGame Editor|Win64 = DebugGame Editor|Win64
		DebugGame|HTML5 = DebugGame|HTML5
		DebugGame|Win32 = DebugGame|Win32
		DebugGame|Win64 = DebugGame|Win64
		Development Editor|HTML5 = Development Editor|HTML5
		Development Editor|Win32 = Development Editor|Win32
		Development Editor|Win64 = Development Editor|Win64
		Development|HTML5 = Development|HTML5
		Development|Win32 = Development|Win32
		Development|Win64 = Development|Win64
		Shipping|HTML5 = Shipping|HTML5
		Shipping|Win32 = Shipping|Win32
		Shipping|Win64 = Shipping|Win64
	EndGlobalSection
	GlobalSection(ProjectConfigurationPlatforms) = postSolution
		{D19561E5-9DB2-4DDC-819B-50C0AF4EBCFE}.DebugGame Editor|HTML5.ActiveCfg = BuiltWithUnrealBuildTool|Win32
		{D19561E5-9DB2-4DDC-819B-50C0AF4EBCFE}.DebugGame Editor|Win32.ActiveCfg = BuiltWithUnrealBuildTool|Win32
		{D19561E5-9DB2-4DDC-819B-50C0AF4EBCFE}.DebugGame Editor|Win64.ActiveCfg = BuiltWithUnrealBuildTool|Win32
		{D19561E5-9DB2-4DDC-819B-50C0AF4EBCFE}.DebugGame|HTML5.ActiveCfg = BuiltWithUnrealBuildTool|Win32
		{D19561E5-9DB2-4DDC-819B-50C0AF4EBCFE}.DebugGame|Win32.ActiveCfg = BuiltWithUnrealBuildTool|Win32
		{D19561E5-9DB2-4DDC-819B-50C0AF4EBCFE}.DebugGame|Win64.ActiveCfg = BuiltWithUnrealBuildTool|Win32
		{D19561E5-9DB2-4DDC-819B-50C0AF4EBCFE}.Development Editor|HTML5.ActiveCfg = BuiltWithUnrealBuildTool|Win32
		{D19561E5-9DB2-4DDC-819B-50C0AF4EBCFE}.Development Editor|Win32.ActiveCfg = BuiltWithUnrealBuildTool|Win32
		{D19561E5-9DB2-4DDC-819B-50C0AF4EBCFE}.Development Editor|Win64.ActiveCfg = BuiltWithUnrealBuildTool|Win32
		{D19561E5-9DB2-4DDC-819B-50C0AF4EBCFE}.Development|HTML5.ActiveCfg = BuiltWithUnrealBuildTool|Win32
		{D19561E5-9DB2-4DDC-819B-50C0AF4EBCFE}.Development|Win32.ActiveCfg = BuiltWithUnrealBuildTool|Win32
		{D19561E5-9DB2-4DDC-819B-50C0AF4EBCFE}.Development|Win64.ActiveCfg = BuiltWithUnrealBuildTool|Win32
		{D19561E5-9DB2-4DDC-819B-50C0AF4EBCFE}.Shipping|HTML5.ActiveCfg = BuiltWithUnrealBuildTool|Win32
		{D19561E5-9DB2-4DDC-819B-50C0AF4EBCFE}.Shipping|Win32.ActiveCfg = BuiltWithUnrealBuildTool|Win32
		{D19561E5-9DB2-4DDC-819B-50C0AF4EBCFE}.Shipping|Win64.ActiveCfg = BuiltWithUnrealBuildTool|Win32
		{2DB03F94-3F73-45B2-B4D7-95EE66EED573}.DebugGame Editor|HTML5.ActiveCfg = Invalid|Win32
		{2DB03F94-3F73-45B2-B4D7-95EE66EED573}.DebugGame Editor|Win32.ActiveCfg = Invalid|Win32
		{2DB03F94-3F73-45B2-B4D7-95EE66EED573}.DebugGame Editor|Win64.ActiveCfg = DebugGame_Editor|x64
		{2DB03F94-3F73-45B2-B4D7-95EE66EED573}.DebugGame Editor|Win64.Build.0 = DebugGame_Editor|x64
		{2DB03F94-3F73-45B2-B4D7-95EE66EED573}.DebugGame|HTML5.ActiveCfg = HTML5_DebugGame|Win32
		{2DB03F94-3F73-45B2-B4D7-95EE66EED573}.DebugGame|HTML5.Build.0 = HTML5_DebugGame|Win32
		{2DB03F94-3F73-45B2-B4D7-95EE66EED573}.DebugGame|Win32.ActiveCfg = DebugGame|Win32
		{2DB03F94-3F73-45B2-B4D7-95EE66EED573}.DebugGame|Win32.Build.0 = DebugGame|Win32
		{2DB03F94-3F73-45B2-B4D7-95EE66EED573}.DebugGame|Win64.ActiveCfg = DebugGame|x64
		{2DB03F94-3F73-45B2-B4D7-95EE66EED573}.DebugGame|Win64.Build.0 = DebugGame|x64
		{2DB03F94-3F73-45B2-B4D7-95EE66EED573}.Development Editor|HTML5.ActiveCfg = Invalid|Win32
		{2DB03F94-3F73-45B2-B4D7-95EE66EED573}.Development Editor|Win32.ActiveCfg = Invalid|Win32
		{2DB03F94-3F73-45B2-B4D7-95EE66EED573}.Development Editor|Win64.ActiveCfg = Development_Editor|x64
		{2DB03F94-3F73-45B2-B4D7-95EE66EED573}.Development Editor|Win64.Build.0 = Development_Editor|x64
		{2DB03F94-3F73-45B2-B4D7-95EE66EED573}.Development|HTML5.ActiveCfg = HTML5_Development|Win32
		{2DB03F94-3F73-45B2-B4D7-95EE66EED573}.Development|HTML5.Build.0 = HTML5_Development|Win32
		{2DB03F94-3F73-45B2-B4D7-95EE66EED573}.Development|Win32.ActiveCfg = Development|Win32
		{2DB03F94-3F73-45B2-B4D7-95EE66EED573}.Development|Win32.Build.0 = Development|Win32
		{2DB03F94-3F73-45B2-B4D7-95EE66EED573}.Development|Win64.ActiveCfg = Development|x64
		{2DB03F94-3F73-45B2-B4D7-95EE66EED573}.Development|Win64.Build.0 = Development|x64
		{2DB03F94-3F73-45B2-B4D7-95EE66EED573}.Shipping|HTML5.ActiveCfg = HTML5_Shipping|Win32
		{2DB03F94-3F73-45B2-B4D7-95EE66EED573}.Shipping|HTML5.Build.0 = HTML5_Shipping|Win32
		{2DB03F94-3F73-45B2-B4D7-95EE66EED573}.Shipping|Win32.ActiveCfg = Shipping|Win32
		{2DB03F94-3F73-45B2-B4D7-95EE66EED573}.Shipping|Win32.Build.0 = Shipping|Win32
		{2DB03F94-3F73-45B2-B4D7-95EE66EED573}.Shipping|Win64.ActiveCfg = Shipping|x64
		{2DB03F94-3F73-45B2-B4D7-95EE66EED573}.Shipping|Win64.Build.0 = Shipping|x64
	EndGlobalSection
	GlobalSection(SolutionProperties) = preSolution
		HideSolutionNode = FALSE
	EndGlobalSection
	GlobalSection(NestedProjects) = preSolution
		{D19561E5-9DB2-4DDC-819B-50C0AF4EBCFE} = {878D76E1-6DC3-4573-AE7F-84457B42A7E5}
		{2DB03F94-3F73-45B2-B4D7-95EE66EED573} = {7C3DA328-04C3-4EC4-B26B-76038E11EBED}
	EndGlobalSection
EndGlobal
