
Microsoft Visual Studio Solution File, Format Version 12.00
# Visual Studio Version 16
VisualStudioVersion = 16.0.28315.86
MinimumVisualStudioVersion = 10.0.40219.1
Project("{2150E333-8FDC-42A3-9474-1A3956D46DE8}") = "Engine", "Engine", "{4591BDAD-0206-42A4-ABCD-8E9DFDAD9B5C}"
EndProject
Project("{2150E333-8FDC-42A3-9474-1A3956D46DE8}") = "Games", "Games", "{3210EE3B-EDBA-4DA6-B197-55BD94B86198}"
EndProject
Project("{8BC9CEB8-8B4A-11D0-8D11-00A0C91BC942}") = "UE4", "Intermediate\ProjectFiles\UE4.vcxproj", "{C82BA500-2845-497A-BD26-901700E881A6}"
EndProject
Project("{8BC9CEB8-8B4A-11D0-8D11-00A0C91BC942}") = "DescendIntoDarkness", "Intermediate\ProjectFiles\DescendIntoDarkness.vcxproj", "{BA8A0008-A36B-424D-B919-4091E5DA5282}"
EndProject
Project("{2150E333-8FDC-42A3-9474-1A3956D46DE8}") = "Visualizers", "Visualizers", "{471C009C-E168-4BEE-AE91-24DEEB9D051B}"
	ProjectSection(SolutionItems) = preProject
		..\..\..\..\..\..\Program Files\Epic Games\UE_4.22\Engine\Extras\VisualStudioDebugging\UE4.natvis = ..\..\..\..\..\..\Program Files\Epic Games\UE_4.22\Engine\Extras\VisualStudioDebugging\UE4.natvis
	EndProjectSection
EndProject
Global
	GlobalSection(SolutionConfigurationPlatforms) = preSolution
		DebugGame Editor|HTML5 = DebugGame Editor|HTML5
		DebugGame Editor|Win32 = DebugGame Editor|Win32
		DebugGame Editor|Win64 = DebugGame Editor|Win64
		DebugGame|HTML5 = DebugGame|HTML5
		DebugGame|Win32 = DebugGame|Win32
		DebugGame|Win64 = DebugGame|Win64
		Development Editor|HTML5 = Development Editor|HTML5
		Development Editor|Win32 = Development Editor|Win32
		Development Editor|Win64 = Development Editor|Win64
		Development|HTML5 = Development|HTML5
		Development|Win32 = Development|Win32
		Development|Win64 = Development|Win64
		Shipping|HTML5 = Shipping|HTML5
		Shipping|Win32 = Shipping|Win32
		Shipping|Win64 = Shipping|Win64
	EndGlobalSection
	GlobalSection(ProjectConfigurationPlatforms) = postSolution
		{C82BA500-2845-497A-BD26-901700E881A6}.DebugGame Editor|HTML5.ActiveCfg = BuiltWithUnrealBuildTool|Win32
		{C82BA500-2845-497A-BD26-901700E881A6}.DebugGame Editor|Win32.ActiveCfg = BuiltWithUnrealBuildTool|Win32
		{C82BA500-2845-497A-BD26-901700E881A6}.DebugGame Editor|Win64.ActiveCfg = BuiltWithUnrealBuildTool|Win32
		{C82BA500-2845-497A-BD26-901700E881A6}.DebugGame|HTML5.ActiveCfg = BuiltWithUnrealBuildTool|Win32
		{C82BA500-2845-497A-BD26-901700E881A6}.DebugGame|Win32.ActiveCfg = BuiltWithUnrealBuildTool|Win32
		{C82BA500-2845-497A-BD26-901700E881A6}.DebugGame|Win64.ActiveCfg = BuiltWithUnrealBuildTool|Win32
		{C82BA500-2845-497A-BD26-901700E881A6}.Development Editor|HTML5.ActiveCfg = BuiltWithUnrealBuildTool|Win32
		{C82BA500-2845-497A-BD26-901700E881A6}.Development Editor|Win32.ActiveCfg = BuiltWithUnrealBuildTool|Win32
		{C82BA500-2845-497A-BD26-901700E881A6}.Development Editor|Win64.ActiveCfg = BuiltWithUnrealBuildTool|Win32
		{C82BA500-2845-497A-BD26-901700E881A6}.Development|HTML5.ActiveCfg = BuiltWithUnrealBuildTool|Win32
		{C82BA500-2845-497A-BD26-901700E881A6}.Development|Win32.ActiveCfg = BuiltWithUnrealBuildTool|Win32
		{C82BA500-2845-497A-BD26-901700E881A6}.Development|Win64.ActiveCfg = BuiltWithUnrealBuildTool|Win32
		{C82BA500-2845-497A-BD26-901700E881A6}.Shipping|HTML5.ActiveCfg = BuiltWithUnrealBuildTool|Win32
		{C82BA500-2845-497A-BD26-901700E881A6}.Shipping|Win32.ActiveCfg = BuiltWithUnrealBuildTool|Win32
		{C82BA500-2845-497A-BD26-901700E881A6}.Shipping|Win64.ActiveCfg = BuiltWithUnrealBuildTool|Win32
		{BA8A0008-A36B-424D-B919-4091E5DA5282}.DebugGame Editor|HTML5.ActiveCfg = Invalid|Win32
		{BA8A0008-A36B-424D-B919-4091E5DA5282}.DebugGame Editor|Win32.ActiveCfg = Invalid|Win32
		{BA8A0008-A36B-424D-B919-4091E5DA5282}.DebugGame Editor|Win64.ActiveCfg = DebugGame_Editor|x64
		{BA8A0008-A36B-424D-B919-4091E5DA5282}.DebugGame Editor|Win64.Build.0 = DebugGame_Editor|x64
		{BA8A0008-A36B-424D-B919-4091E5DA5282}.DebugGame|HTML5.ActiveCfg = HTML5_DebugGame|Win32
		{BA8A0008-A36B-424D-B919-4091E5DA5282}.DebugGame|HTML5.Build.0 = HTML5_DebugGame|Win32
		{BA8A0008-A36B-424D-B919-4091E5DA5282}.DebugGame|Win32.ActiveCfg = DebugGame|Win32
		{BA8A0008-A36B-424D-B919-4091E5DA5282}.DebugGame|Win32.Build.0 = DebugGame|Win32
		{BA8A0008-A36B-424D-B919-4091E5DA5282}.DebugGame|Win64.ActiveCfg = DebugGame|x64
		{BA8A0008-A36B-424D-B919-4091E5DA5282}.DebugGame|Win64.Build.0 = DebugGame|x64
		{BA8A0008-A36B-424D-B919-4091E5DA5282}.Development Editor|HTML5.ActiveCfg = Invalid|Win32
		{BA8A0008-A36B-424D-B919-4091E5DA5282}.Development Editor|Win32.ActiveCfg = Invalid|Win32
		{BA8A0008-A36B-424D-B919-4091E5DA5282}.Development Editor|Win64.ActiveCfg = Development_Editor|x64
		{BA8A0008-A36B-424D-B919-4091E5DA5282}.Development Editor|Win64.Build.0 = Development_Editor|x64
		{BA8A0008-A36B-424D-B919-4091E5DA5282}.Development|HTML5.ActiveCfg = HTML5_Development|Win32
		{BA8A0008-A36B-424D-B919-4091E5DA5282}.Development|HTML5.Build.0 = HTML5_Development|Win32
		{BA8A0008-A36B-424D-B919-4091E5DA5282}.Development|Win32.ActiveCfg = Development|Win32
		{BA8A0008-A36B-424D-B919-4091E5DA5282}.Development|Win32.Build.0 = Development|Win32
		{BA8A0008-A36B-424D-B919-4091E5DA5282}.Development|Win64.ActiveCfg = Development|x64
		{BA8A0008-A36B-424D-B919-4091E5DA5282}.Development|Win64.Build.0 = Development|x64
		{BA8A0008-A36B-424D-B919-4091E5DA5282}.Shipping|HTML5.ActiveCfg = HTML5_Shipping|Win32
		{BA8A0008-A36B-424D-B919-4091E5DA5282}.Shipping|HTML5.Build.0 = HTML5_Shipping|Win32
		{BA8A0008-A36B-424D-B919-4091E5DA5282}.Shipping|Win32.ActiveCfg = Shipping|Win32
		{BA8A0008-A36B-424D-B919-4091E5DA5282}.Shipping|Win32.Build.0 = Shipping|Win32
		{BA8A0008-A36B-424D-B919-4091E5DA5282}.Shipping|Win64.ActiveCfg = Shipping|x64
		{BA8A0008-A36B-424D-B919-4091E5DA5282}.Shipping|Win64.Build.0 = Shipping|x64
	EndGlobalSection
	GlobalSection(SolutionProperties) = preSolution
		HideSolutionNode = FALSE
	EndGlobalSection
	GlobalSection(NestedProjects) = preSolution
		{C82BA500-2845-497A-BD26-901700E881A6} = {4591BDAD-0206-42A4-ABCD-8E9DFDAD9B5C}
		{BA8A0008-A36B-424D-B919-4091E5DA5282} = {3210EE3B-EDBA-4DA6-B197-55BD94B86198}
	EndGlobalSection
EndGlobal
